{
    "_meta": {
        "hash": {
            "sha256": "6ac9a9b2a18bfc1a982095ba6f7e0f7e059248b4ee45da1de33b69315892d187"
        },
        "pipfile-spec": 6,
        "requires": {
            "python_version": "3.7"
        },
        "sources": [
            {
                "name": "pypi",
                "url": "https://pypi.org/simple",
                "verify_ssl": true
            }
        ]
    },
    "default": {
        "cachetools": {
            "hashes": [
                "sha256:428266a1c0d36dc5aca63a2d7c5942e88c2c898d72139fca0e97fdd2380517ae",
                "sha256:8ea2d3ce97850f31e4a08b0e2b5e6c34997d7216a9d2c98e0f3978630d4da69a"
            ],
            "version": "==3.1.1"
        },
        "certifi": {
            "hashes": [
                "sha256:017c25db2a153ce562900032d5bc68e9f191e44e9a0f762f373977de9df1fbb3",
                "sha256:25b64c7da4cd7479594d035c08c2d809eb4aab3a26e5a990ea98cc450c320f1f"
            ],
            "version": "==2019.11.28"
        },
        "chardet": {
            "hashes": [
                "sha256:84ab92ed1c4d4f16916e05906b6b75a6c0fb5db821cc65e70cbd64a3e2a5eaae",
                "sha256:fc323ffcaeaed0e0a02bf4d117757b98aed530d9ed4531e3e15460124c106691"
            ],
            "version": "==3.0.4"
        },
        "dialogflow": {
            "hashes": [
                "sha256:2ec84936a10cb7b6f9ed924659547c462ab18c0cdeb9e553b1cded91a85356c3",
                "sha256:82fde9c03f85d4d6f0013df9faecec52f551e711accf643989dfe5d341ce617e"
            ],
            "index": "pypi",
            "version": "==0.6.0"
        },
        "django": {
            "hashes": [
                "sha256:a4ad4f6f9c6a4b7af7e2deec8d0cbff28501852e5010d6c2dc695d3d1fae7ca0",
                "sha256:fa98ec9cc9bf5d72a08ebf3654a9452e761fbb8566e3f80de199cbc15477e891"
            ],
            "index": "pypi",
            "version": "==2.2.8"
        },
        "django-cors-headers": {
            "hashes": [
                "sha256:0ac81a9a70ba9bf5569f19693f1ce566e46cabc710cdaa053409415c690033bb",
                "sha256:b57087e45e4418a6147b8a27ca9d19da2c16b3e4732b2372fe2d9774fc7c5bca"
            ],
            "index": "pypi",
            "version": "==3.0.1"
        },
        "django-environ": {
            "hashes": [
                "sha256:6c9d87660142608f63ec7d5ce5564c49b603ea8ff25da595fd6098f6dc82afde",
                "sha256:c57b3c11ec1f319d9474e3e5a79134f40174b17c7cc024bbb2fad84646b120c4"
            ],
            "index": "pypi",
            "version": "==0.4.5"
        },
        "django-rest-auth": {
            "hashes": [
                "sha256:f11e12175dafeed772f50d740d22caeab27e99a3caca24ec65e66a8d6de16571"
            ],
            "index": "pypi",
            "version": "==0.9.5"
        },
        "django-rest-elasticsearch": {
            "hashes": [
                "sha256:b74e226156f6ec190847df246cbcaeb4a6cb1d5f8dc838556d5354772686b120"
            ],
            "index": "pypi",
            "version": "==0.4.1"
        },
        "django-rest-framework": {
            "hashes": [
                "sha256:47a8f496fa69e3b6bd79f68dd7a1527d907d6b77f009e9db7cf9bb21cc565e4a"
            ],
            "index": "pypi",
            "version": "==0.1.0"
        },
        "djangorestframework": {
            "hashes": [
                "sha256:5488aed8f8df5ec1d70f04b2114abc52ae6729748a176c453313834a9ee179c8",
                "sha256:dc81cbf9775c6898a580f6f1f387c4777d12bd87abf0f5406018d32ccae71090"
            ],
            "version": "==3.10.3"
        },
        "djangorestframework-jwt": {
            "hashes": [
                "sha256:5efe33032f3a4518a300dc51a51c92145ad95fb6f4b272e5aa24701db67936a7",
                "sha256:ab15dfbbe535eede8e2e53adaf52ef0cf018ee27dbfad10cbc4cbec2ab63d38c"
            ],
            "index": "pypi",
            "version": "==1.11.0"
        },
        "easy-thumbnails": {
            "hashes": [
                "sha256:23fbe3415c93b2369ece8ebdfb5faa05540943bef8b941b3118ce769ba95e275"
            ],
            "index": "pypi",
            "version": "==2.6"
        },
        "elasticsearch": {
            "hashes": [
                "sha256:1f0f633e3b500d5042424f75a505badf8c4b9962c1b4734cdfb3087fb67920be",
                "sha256:fb5ab15ee283f104b5a7a5695c7e879cb2927e4eb5aed9c530811590b41259ad"
            ],
            "version": "==6.4.0"
        },
        "elasticsearch-dsl": {
            "hashes": [
                "sha256:26416f4dd46ceca43d62ef74970d9de4bdd6f4b0f163316f0b432c9e61a08bec",
                "sha256:f60aea7fd756ac1fbe7ce114bbf4949aefbf495dfe8896640e787c67344f12f6"
            ],
            "version": "==6.4.0"
        },
        "google-api-core": {
            "extras": [
                "grpc"
            ],
            "hashes": [
                "sha256:5e29af30d9bb5791ea2c6f7817c4c9630b92b914c5e253ba52b8ce6b0eed888e",
                "sha256:a77d98bd733ec455b03a91dc732cce6e7dfc900db4ff44c52743826e3d28a741"
            ],
            "index": "pypi",
            "version": "==1.11.0"
        },
        "google-auth": {
            "hashes": [
                "sha256:84105be98837fb8436e9d0bcb7a279fd85fa1d97bb35a077e70ba2fb95bcc983",
                "sha256:baf1b3f8b29a5f96f66753ad848473699322b63f4d68964e510554b12d002443"
            ],
            "version": "==1.7.1"
        },
        "googleapis-common-protos": {
            "extras": [
                "grpc"
            ],
            "hashes": [
                "sha256:e61b8ed5e36b976b487c6e7b15f31bb10c7a0ca7bd5c0e837f4afab64b53a0c6"
            ],
            "version": "==1.6.0"
        },
        "grpcio": {
            "hashes": [
                "sha256:0419ae5a45f49c7c40d9ae77ae4de9442431b7822851dfbbe56ee0eacb5e5654",
                "sha256:1e8631eeee0fb0b4230aeb135e4890035f6ef9159c2a3555fa184468e325691a",
                "sha256:24db2fa5438f3815a4edb7a189035051760ca6aa2b0b70a6a948b28bfc63c76b",
                "sha256:2adb1cdb7d33e91069517b41249622710a94a1faece1fed31cd36904e4201cde",
                "sha256:2cd51f35692b551aeb1fdeb7a256c7c558f6d78fcddff00640942d42f7aeba5f",
                "sha256:3247834d24964589f8c2b121b40cd61319b3c2e8d744a6a82008643ef8a378b1",
                "sha256:3433cb848b4209717722b62392e575a77a52a34d67c6730138102abc0a441685",
                "sha256:39671b7ff77a962bd745746d9d2292c8ed227c5748f16598d16d8631d17dd7e5",
                "sha256:40a0b8b2e6f6dd630f8b267eede2f40a848963d0f3c40b1b1f453a4a870f679e",
                "sha256:40f9a74c7aa210b3e76eb1c9d56aa8d08722b73426a77626967019df9bbac287",
                "sha256:423f76aa504c84cb94594fb88b8a24027c887f1c488cf58f2173f22f4fbd046c",
                "sha256:43bd04cec72281a96eb361e1b0232f0f542b46da50bcfe72ef7e5a1b41d00cb3",
                "sha256:43e38762635c09e24885d15e3a8e374b72d105d4178ee2cc9491855a8da9c380",
                "sha256:4413b11c2385180d7de03add6c8845dd66692b148d36e27ec8c9ef537b2553a1",
                "sha256:4450352a87094fd58daf468b04c65a9fa19ad11a0ac8ac7b7ff17d46f873cbc1",
                "sha256:49ffda04a6e44de028b3b786278ac9a70043e7905c3eea29eed88b6524d53a29",
                "sha256:4a38c4dde4c9120deef43aaabaa44f19186c98659ce554c29788c4071ab2f0a4",
                "sha256:50b1febdfd21e2144b56a9aa226829e93a79c354ef22a4e5b013d9965e1ec0ed",
                "sha256:559b1a3a8be7395ded2943ea6c2135d096f8cc7039d6d12127110b6496f251fe",
                "sha256:5de86c182667ec68cf84019aa0d8ceccf01d352cdca19bf9e373725204bdbf50",
                "sha256:5fc069bb481fe3fad0ba24d3baaf69e22dfa6cc1b63290e6dfeaf4ac1e996fb7",
                "sha256:6a19d654da49516296515d6f65de4bbcbd734bc57913b21a610cfc45e6df3ff1",
                "sha256:7535b3e52f498270e7877dde1c8944d6b7720e93e2e66b89c82a11447b5818f5",
                "sha256:7c4e495bcabc308198b8962e60ca12f53b27eb8f03a21ac1d2d711d6dd9ecfca",
                "sha256:8a8fc4a0220367cb8370cedac02272d574079ccc32bffbb34d53aaf9e38b5060",
                "sha256:8b008515e067232838daca020d1af628bf6520c8cc338bf383284efe6d8bd083",
                "sha256:8d1684258e1385e459418f3429e107eec5fb3d75e1f5a8c52e5946b3f329d6ea",
                "sha256:8eb5d54b87fb561dc2e00a5c5226c33ffe8dbc13f2e4033a412bafb7b37b194d",
                "sha256:94cdef0c61bd014bb7af495e21a1c3a369dd0399c3cd1965b1502043f5c88d94",
                "sha256:9d9f3be69c7a5e84c3549a8c4403fa9ac7672da456863d21e390b2bbf45ccad1",
                "sha256:9fb6fb5975a448169756da2d124a1beb38c0924ff6c0306d883b6848a9980f38",
                "sha256:a5eaae8700b87144d7dfb475aa4675e500ff707292caba3deff41609ddc5b845",
                "sha256:aaeac2d552772b76d24eaff67a5d2325bc5205c74c0d4f9fbe71685d4a971db2",
                "sha256:bb611e447559b3b5665e12a7da5160c0de6876097f62bf1d23ba66911564868e",
                "sha256:bc0d41f4eb07da8b8d3ea85e50b62f6491ab313834db86ae2345be07536a4e5a",
                "sha256:bf51051c129b847d1bb63a9b0826346b5f52fb821b15fe5e0d5ef86f268510f5",
                "sha256:c948c034d8997526011960db54f512756fb0b4be1b81140a15b4ef094c6594a4",
                "sha256:d435a01334157c3b126b4ee5141401d44bdc8440993b18b05e2f267a6647f92d",
                "sha256:d46c1f95672b73288e08cdca181e14e84c6229b5879561b7b8cfd48374e09287",
                "sha256:d5d58309b42064228b16b0311ff715d6c6e20230e81b35e8d0c8cfa1bbdecad8",
                "sha256:dc6e2e91365a1dd6314d615d80291159c7981928b88a4c65654e3fefac83a836",
                "sha256:e0dfb5f7a39029a6cbec23affa923b22a2c02207960fd66f109e01d6f632c1eb",
                "sha256:eb4bf58d381b1373bd21d50837a53953d625d1693f1b58fed12743c75d3dd321",
                "sha256:ebb211a85248dbc396b29320273c1ffde484b898852432613e8df0164c091006",
                "sha256:ec759ece4786ae993a5b7dc3b3dead6e9375d89a6c65dfd6860076d2eb2abe7b",
                "sha256:f55108397a8fa164268238c3e69cc134e945d1f693572a2f05a028b8d0d2b837",
                "sha256:f6c706866d424ff285b85a02de7bbe5ed0ace227766b2c42cbe12f3d9ea5a8aa",
                "sha256:f8370ad332b36fbad117440faf0dd4b910e80b9c49db5648afd337abdde9a1b6"
            ],
            "version": "==1.25.0"
        },
        "idna": {
            "hashes": [
                "sha256:c357b3f628cf53ae2c4c05627ecc484553142ca23264e593d327bcde5e9c3407",
                "sha256:ea8b7f6188e6fa117537c3df7da9fc686d485087abf6ac197f9c46432f7e4a3c"
            ],
            "version": "==2.8"
        },
        "numpy": {
            "hashes": [
                "sha256:0e2eed77804b2a6a88741f8fcac02c5499bba3953ec9c71e8b217fad4912c56c",
                "sha256:1c666f04553ef70fda54adf097dbae7080645435fc273e2397f26bbf1d127bbb",
                "sha256:1f46532afa7b2903bfb1b79becca2954c0a04389d19e03dc73f06b039048ac40",
                "sha256:315fa1b1dfc16ae0f03f8fd1c55f23fd15368710f641d570236f3d78af55e340",
                "sha256:3d5fcea4f5ed40c3280791d54da3ad2ecf896f4c87c877b113576b8280c59441",
                "sha256:48241759b99d60aba63b0e590332c600fc4b46ad597c9b0a53f350b871ef0634",
                "sha256:4b4f2924b36d857cf302aec369caac61e43500c17eeef0d7baacad1084c0ee84",
                "sha256:54fe3b7ed9e7eb928bbc4318f954d133851865f062fa4bbb02ef8940bc67b5d2",
                "sha256:5a8f021c70e6206c317974c93eaaf9bc2b56295b6b1cacccf88846e44a1f33fc",
                "sha256:754a6be26d938e6ca91942804eb209307b73f806a1721176278a6038869a1686",
                "sha256:771147e654e8b95eea1293174a94f34e2e77d5729ad44aefb62fbf8a79747a15",
                "sha256:78a6f89da87eeb48014ec652a65c4ffde370c036d780a995edaeb121d3625621",
                "sha256:7fde5c2a3a682a9e101e61d97696687ebdba47637611378b4127fe7e47fdf2bf",
                "sha256:80d99399c97f646e873dd8ce87c38cfdbb668956bbc39bc1e6cac4b515bba2a0",
                "sha256:88a72c1e45a0ae24d1f249a529d9f71fe82e6fa6a3fd61414b829396ec585900",
                "sha256:a4f4460877a16ac73302a9c077ca545498d9fe64e6a81398d8e1a67e4695e3df",
                "sha256:a61255a765b3ac73ee4b110b28fccfbf758c985677f526c2b4b39c48cc4b509d",
                "sha256:ab4896a8c910b9a04c0142871d8800c76c8a2e5ff44763513e1dd9d9631ce897",
                "sha256:abbd6b1c2ef6199f4b7ca9f818eb6b31f17b73a6110aadc4e4298c3f00fab24e",
                "sha256:b16d88da290334e33ea992c56492326ea3b06233a00a1855414360b77ca72f26",
                "sha256:b78a1defedb0e8f6ae1eb55fa6ac74ab42acc4569c3a2eacc2a407ee5d42ebcb",
                "sha256:cfef82c43b8b29ca436560d51b2251d5117818a8d1fb74a8384a83c096745dad",
                "sha256:d160e57731fcdec2beda807ebcabf39823c47e9409485b5a3a1db3a8c6ce763e"
            ],
            "index": "pypi",
            "version": "==1.16.3"
        },
        "pandas": {
            "hashes": [
                "sha256:071e42b89b57baa17031af8c6b6bbd2e9a5c68c595bc6bf9adabd7a9ed125d3b",
                "sha256:17450e25ae69e2e6b303817bdf26b2cd57f69595d8550a77c308be0cd0fd58fa",
                "sha256:17916d818592c9ec891cbef2e90f98cc85e0f1e89ed0924c9b5220dc3209c846",
                "sha256:2538f099ab0e9f9c9d09bbcd94b47fd889bad06dc7ae96b1ed583f1dc1a7a822",
                "sha256:366f30710172cb45a6b4f43b66c220653b1ea50303fbbd94e50571637ffb9167",
                "sha256:42e5ad741a0d09232efbc7fc648226ed93306551772fc8aecc6dce9f0e676794",
                "sha256:4e718e7f395ba5bfe8b6f6aaf2ff1c65a09bb77a36af6394621434e7cc813204",
                "sha256:4f919f409c433577a501e023943e582c57355d50a724c589e78bc1d551a535a2",
                "sha256:4fe0d7e6438212e839fc5010c78b822664f1a824c0d263fd858f44131d9166e2",
                "sha256:5149a6db3e74f23dc3f5a216c2c9ae2e12920aa2d4a5b77e44e5b804a5f93248",
                "sha256:627594338d6dd995cfc0bacd8e654cd9e1252d2a7c959449228df6740d737eb8",
                "sha256:83c702615052f2a0a7fb1dd289726e29ec87a27272d775cb77affe749cca28f8",
                "sha256:8c872f7fdf3018b7891e1e3e86c55b190e6c5cee70cab771e8f246c855001296",
                "sha256:90f116086063934afd51e61a802a943826d2aac572b2f7d55caaac51c13db5b5",
                "sha256:a3352bacac12e1fc646213b998bce586f965c9d431773d9e91db27c7c48a1f7d",
                "sha256:bcdd06007cca02d51350f96debe51331dec429ac8f93930a43eb8fb5639e3eb5",
                "sha256:c1bd07ebc15285535f61ddd8c0c75d0d6293e80e1ee6d9a8d73f3f36954342d0",
                "sha256:c9a4b7c55115eb278c19aa14b34fcf5920c8fe7797a09b7b053ddd6195ea89b3",
                "sha256:cc8fc0c7a8d5951dc738f1c1447f71c43734244453616f32b8aa0ef6013a5dfb",
                "sha256:d7b460bc316064540ce0c41c1438c416a40746fd8a4fb2999668bf18f3c4acf1"
            ],
            "index": "pypi",
            "version": "==0.24.2"
        },
        "pillow": {
            "hashes": [
                "sha256:047d9473cf68af50ac85f8ee5d5f21a60f849bc17d348da7fc85711287a75031",
                "sha256:0f66dc6c8a3cc319561a633b6aa82c44107f12594643efa37210d8c924fc1c71",
                "sha256:12c9169c4e8fe0a7329e8658c7e488001f6b4c8e88740e76292c2b857af2e94c",
                "sha256:248cffc168896982f125f5c13e9317c059f74fffdb4152893339f3be62a01340",
                "sha256:27faf0552bf8c260a5cee21a76e031acaea68babb64daf7e8f2e2540745082aa",
                "sha256:285edafad9bc60d96978ed24d77cdc0b91dace88e5da8c548ba5937c425bca8b",
                "sha256:384b12c9aa8ef95558abdcb50aada56d74bc7cc131dd62d28c2d0e4d3aadd573",
                "sha256:38950b3a707f6cef09cd3cbb142474357ad1a985ceb44d921bdf7b4647b3e13e",
                "sha256:4aad1b88933fd6dc2846552b89ad0c74ddbba2f0884e2c162aa368374bf5abab",
                "sha256:4ac6148008c169603070c092e81f88738f1a0c511e07bd2bb0f9ef542d375da9",
                "sha256:4deb1d2a45861ae6f0b12ea0a786a03d19d29edcc7e05775b85ec2877cb54c5e",
                "sha256:59aa2c124df72cc75ed72c8d6005c442d4685691a30c55321e00ed915ad1a291",
                "sha256:5a47d2123a9ec86660fe0e8d0ebf0aa6bc6a17edc63f338b73ea20ba11713f12",
                "sha256:5cc901c2ab9409b4b7ac7b5bcc3e86ac14548627062463da0af3b6b7c555a871",
                "sha256:6c1db03e8dff7b9f955a0fb9907eb9ca5da75b5ce056c0c93d33100a35050281",
                "sha256:7ce80c0a65a6ea90ef9c1f63c8593fcd2929448613fc8da0adf3e6bfad669d08",
                "sha256:809c19241c14433c5d6135e1b6c72da4e3b56d5c865ad5736ab99af8896b8f41",
                "sha256:83792cb4e0b5af480588601467c0764242b9a483caea71ef12d22a0d0d6bdce2",
                "sha256:846fa202bd7ee0f6215c897a1d33238ef071b50766339186687bd9b7a6d26ac5",
                "sha256:9f5529fc02009f96ba95bea48870173426879dc19eec49ca8e08cd63ecd82ddb",
                "sha256:a423c2ea001c6265ed28700df056f75e26215fd28c001e93ef4380b0f05f9547",
                "sha256:ac4428094b42907aba5879c7c000d01c8278d451a3b7cccd2103e21f6397ea75",
                "sha256:b1ae48d87f10d1384e5beecd169c77502fcc04a2c00a4c02b85f0a94b419e5f9",
                "sha256:bf4e972a88f8841d8fdc6db1a75e0f8d763e66e3754b03006cbc3854d89f1cb1",
                "sha256:c6414f6aad598364aaf81068cabb077894eb88fed99c6a65e6e8217bab62ae7a",
                "sha256:c710fcb7ee32f67baf25aa9ffede4795fd5d93b163ce95fdc724383e38c9df96",
                "sha256:c7be4b8a09852291c3c48d3c25d1b876d2494a0a674980089ac9d5e0d78bd132",
                "sha256:c9e5ffb910b14f090ac9c38599063e354887a5f6d7e6d26795e916b4514f2c1a",
                "sha256:e0697b826da6c2472bb6488db4c0a7fa8af0d52fa08833ceb3681358914b14e5",
                "sha256:e9a3edd5f714229d41057d56ac0f39ad9bdba6767e8c888c951869f0bdd129b0"
            ],
            "version": "==6.2.1"
        },
        "protobuf": {
            "hashes": [
                "sha256:0265379852b9e1f76af6d3d3fe4b3c383a595cc937594bda8565cf69a96baabd",
                "sha256:29bd1ed46b2536ad8959401a2f02d2d7b5a309f8e97518e4f92ca6c5ba74dbed",
                "sha256:3175d45698edb9a07c1a78a1a4850e674ce8988f20596580158b1d0921d0f057",
                "sha256:34a7270940f86da7a28be466ac541c89b6dbf144a6348b9cf7ac6f56b71006ce",
                "sha256:38cbc830a4a5ba9956763b0f37090bfd14dd74e72762be6225de2ceac55f4d03",
                "sha256:665194f5ad386511ac8d8a0bd57b9ab37b8dd2cd71969458777318e774b9cd46",
                "sha256:839bad7d115c77cdff29b488fae6a3ab503ce9a4192bd4c42302a6ea8e5d0f33",
                "sha256:934a9869a7f3b0d84eca460e386fba1f7ba2a0c1a120a2648bc41fadf50efd1c",
                "sha256:aecdf12ef6dc7fd91713a6da93a86c2f2a8fe54840a3b1670853a2b7402e77c9",
                "sha256:c4e90bc27c0691c76e09b5dc506133451e52caee1472b8b3c741b7c912ce43ef",
                "sha256:c65d135ea2d85d40309e268106dab02d3bea723db2db21c23ecad4163ced210b",
                "sha256:c98dea04a1ff41a70aff2489610f280004831798cb36a068013eed04c698903d",
                "sha256:d9049aa194378a426f0b2c784e2054565bf6f754d20fcafdee7102a6250556e8",
                "sha256:e028fee51c96de4e81924484c77111dfdea14010ecfc906ea5b252209b0c4de6",
                "sha256:e84ad26fb50091b1ea676403c0dd2bd47663099454aa6d88000b1dafecab0941",
                "sha256:e88a924b591b06d0191620e9c8aa75297b3111066bb09d49a24bae1054a10c13"
            ],
            "version": "==3.11.1"
        },
        "psycopg2": {
            "hashes": [
                "sha256:00cfecb3f3db6eb76dcc763e71777da56d12b6d61db6a2c6ccbbb0bff5421f8f",
                "sha256:076501fc24ae13b2609ba2303d88d4db79072562f0b8cc87ec1667dedff99dc1",
                "sha256:4e2b34e4c0ddfeddf770d7df93e269700b080a4d2ec514fec668d71895f56782",
                "sha256:5cacf21b6f813c239f100ef78a4132056f93a5940219ec25d2ef833cbeb05588",
                "sha256:61f58e9ecb9e4dc7e30be56b562f8fc10ae3addcfcef51b588eed10a5a66100d",
                "sha256:8954ff6e47247bdd134db602fcadfc21662835bd92ce0760f3842eacfeb6e0f3",
                "sha256:b6e8c854cdc623028e558a409b06ea2f16d13438335941c7765d0a42b5bedd33",
                "sha256:baca21c0f7344576346e260454d0007313ccca8c170684707a63946b27a56c8f",
                "sha256:bb1735378770fb95dbe392d29e71405d45c8bdcfa064f916504833a92ab03c55",
                "sha256:de3d3c46c1ee18f996db42d1eb44cf1565cc9e38fb1dbd9b773ff6b3fa8035d7",
                "sha256:dee885602bb200bdcb1d30f6da6c7bb207360bc786d0a364fe1540dd14af0bab"
            ],
            "index": "pypi",
            "version": "==2.8.2"
        },
        "pyasn1": {
            "hashes": [
                "sha256:39c7e2ec30515947ff4e87fb6f456dfc6e84857d34be479c9d4a4ba4bf46aa5d",
                "sha256:aef77c9fb94a3ac588e87841208bdec464471d9871bd5050a287cc9a475cd0ba"
            ],
            "version": "==0.4.8"
        },
        "pyasn1-modules": {
            "hashes": [
                "sha256:0c35a52e00b672f832e5846826f1fb7507907f7d52fba6faa9e3c4cbe874fe4b",
                "sha256:b6ada4f840fe51abf5a6bd545b45bf537bea62221fa0dde2e8a553ed9f06a4e3"
            ],
            "version": "==0.2.7"
        },
        "pyjwt": {
            "hashes": [
                "sha256:5c6eca3c2940464d106b99ba83b00c6add741c9becaec087fb7ccdefea71350e",
                "sha256:8d59a976fb773f3e6a39c85636357c4f0e242707394cadadd9814f5cbaa20e96"
            ],
            "version": "==1.7.1"
        },
        "pytest-runner": {
            "hashes": [
                "sha256:5534b08b133ef9a5e2c22c7886a8f8508c95bb0b0bdc6cc13214f269c3c70d51",
                "sha256:96c7e73ead7b93e388c5d614770d2bae6526efd997757d3543fe17b557a0942b"
            ],
            "version": "==5.2"
        },
        "python-dateutil": {
            "hashes": [
                "sha256:73ebfe9dbf22e832286dafa60473e4cd239f8592f699aa5adaf10050e6e1823c",
                "sha256:75bb3f31ea686f1197762692a9ee6a7550b59fc6ca3a1f4b5d7e32fb98e2da2a"
            ],
            "version": "==2.8.1"
        },
        "pytz": {
            "hashes": [
                "sha256:1c557d7d0e871de1f5ccd5833f60fb2550652da6be2693c1e02300743d21500d",
                "sha256:b02c06db6cf09c12dd25137e563b31700d3b80fcc4ad23abb7a315f2789819be"
            ],
            "version": "==2019.3"
        },
        "requests": {
            "hashes": [
                "sha256:11e007a8a2aa0323f5a921e9e6a2d7e4e67d9877e85773fba9ba6419025cbeb4",
                "sha256:9cf5292fcd0f598c671cfc1e0d7d1a7f13bb8085e9a590f48c010551dc6c4b31"
            ],
            "version": "==2.22.0"
        },
        "rsa": {
            "hashes": [
                "sha256:14ba45700ff1ec9eeb206a2ce76b32814958a98e372006c8fb76ba820211be66",
                "sha256:1a836406405730121ae9823e19c6e806c62bbad73f890574fff50efa4122c487"
            ],
            "version": "==4.0"
        },
        "six": {
            "hashes": [
                "sha256:1f1b7d42e254082a9db6279deae68afb421ceba6158efa6131de7b3003ee93fd",
                "sha256:30f610279e8b2578cab6db20741130331735c781b56053c59c4076da27f06b66"
            ],
            "version": "==1.13.0"
        },
        "sqlparse": {
            "hashes": [
                "sha256:40afe6b8d4b1117e7dff5504d7a8ce07d9a1b15aeeade8a2d10f130a834f8177",
                "sha256:7c3dca29c022744e95b547e867cee89f4fce4373f3549ccd8797d8eb52cdb873"
            ],
            "version": "==0.3.0"
        },
        "urllib3": {
            "hashes": [
                "sha256:a8a318824cc77d1fd4b2bec2ded92646630d7fe8619497b142c84a9e6f5a7293",
                "sha256:f3c5fd51747d450d4dcf6f923c81f78f811aab8205fda64b0aba34a4e48b0745"
            ],
            "version": "==1.25.7"
        },
        "uwsgi": {
            "hashes": [
                "sha256:4972ac538800fb2d421027f49b4a1869b66048839507ccf0aa2fda792d99f583"
            ],
            "index": "pypi",
            "version": "==2.0.18"
        }
    },
    "develop": {}
}
